// !$*UTF8*$!
{
	archiveVersion = 1;
	classes = {
	};
	objectVersion = 56;
	objects = {

/* Begin PBXBuildFile section */
		3B1EFCA12ADAE8A100114650 /* Assets.xcassets in Resources */ = {isa = PBXBuildFile; fileRef = 3B1EFCA02ADAE8A100114650 /* Assets.xcassets */; };
		3B1EFCA42ADAE8A100114650 /* Preview Assets.xcassets in Resources */ = {isa = PBXBuildFile; fileRef = 3B1EFCA32ADAE8A100114650 /* Preview Assets.xcassets */; };
		3B1EFCBE2ADAEB6500114650 /* Array+Extensions.swift in Sources */ = {isa = PBXBuildFile; fileRef = 3B1EFCB52ADAE97D00114650 /* Array+Extensions.swift */; };
		3B1EFCBF2ADAEB6500114650 /* EnvironmentValues+Extensions.swift in Sources */ = {isa = PBXBuildFile; fileRef = 3B1EFCB62ADAE97D00114650 /* EnvironmentValues+Extensions.swift */; };
		3B1EFCC02ADAEB6500114650 /* CLLocationCoordinate2D+Extensions.swift in Sources */ = {isa = PBXBuildFile; fileRef = 3B1EFCB72ADAE97D00114650 /* CLLocationCoordinate2D+Extensions.swift */; };
		3B1EFCC12ADAEB6500114650 /* JsonParser.swift in Sources */ = {isa = PBXBuildFile; fileRef = 3B1EFCB82ADAE97D00114650 /* JsonParser.swift */; };
		3B1EFCC22ADAEB6500114650 /* NetworkClient.swift in Sources */ = {isa = PBXBuildFile; fileRef = 3B1EFCBA2ADAE97D00114650 /* NetworkClient.swift */; };
		3B1EFCC32ADAEB6500114650 /* SwimmingPool.swift in Sources */ = {isa = PBXBuildFile; fileRef = 3B1EFCB32ADAE97D00114650 /* SwimmingPool.swift */; };
		3B1EFCC42ADAEB6500114650 /* AhpuhApp.swift in Sources */ = {isa = PBXBuildFile; fileRef = 3B1EFCAB2ADAE97D00114650 /* AhpuhApp.swift */; };
		3B1EFCC52ADAEB6500114650 /* SwimmingPoolDetailView.swift in Sources */ = {isa = PBXBuildFile; fileRef = 3B1EFCAD2ADAE97D00114650 /* SwimmingPoolDetailView.swift */; };
		3B1EFCC62ADAEB6500114650 /* PinnedSection.swift in Sources */ = {isa = PBXBuildFile; fileRef = 3B1EFCAF2ADAE97D00114650 /* PinnedSection.swift */; };
		3B1EFCC72ADAEB6500114650 /* SwimmingPoolListView.swift in Sources */ = {isa = PBXBuildFile; fileRef = 3B1EFCB02ADAE97D00114650 /* SwimmingPoolListView.swift */; };
		3B1EFCC92ADAEB7800114650 /* SwimmingPools.json in Resources */ = {isa = PBXBuildFile; fileRef = 3B1EFCBC2ADAE97D00114650 /* SwimmingPools.json */; };
		3B1EFCCA2ADAEB7800114650 /* SwimmingPoolTemplate.json in Resources */ = {isa = PBXBuildFile; fileRef = 3B1EFCBD2ADAE97D00114650 /* SwimmingPoolTemplate.json */; };
		3B1EFCCD2ADD808200114650 /* Sido.swift in Sources */ = {isa = PBXBuildFile; fileRef = 3B1EFCCC2ADD808200114650 /* Sido.swift */; };
		3B1EFCCF2ADD808800114650 /* Sigungu.swift in Sources */ = {isa = PBXBuildFile; fileRef = 3B1EFCCE2ADD808800114650 /* Sigungu.swift */; };
		3B1EFCD22ADD8B6800114650 /* SidoSwimmingPoolListView.swift in Sources */ = {isa = PBXBuildFile; fileRef = 3B1EFCD12ADD8B6800114650 /* SidoSwimmingPoolListView.swift */; };
		3B1EFCD42ADDB97500114650 /* PinButtonView.swift in Sources */ = {isa = PBXBuildFile; fileRef = 3B1EFCD32ADDB97500114650 /* PinButtonView.swift */; };
/* End PBXBuildFile section */

/* Begin PBXFileReference section */
		3B1EFC992ADAE89F00114650 /* Ahpuh.app */ = {isa = PBXFileReference; explicitFileType = wrapper.application; includeInIndex = 0; path = Ahpuh.app; sourceTree = BUILT_PRODUCTS_DIR; };
		3B1EFCA02ADAE8A100114650 /* Assets.xcassets */ = {isa = PBXFileReference; lastKnownFileType = folder.assetcatalog; path = Assets.xcassets; sourceTree = "<group>"; };
		3B1EFCA32ADAE8A100114650 /* Preview Assets.xcassets */ = {isa = PBXFileReference; lastKnownFileType = folder.assetcatalog; path = "Preview Assets.xcassets"; sourceTree = "<group>"; };
		3B1EFCAB2ADAE97D00114650 /* AhpuhApp.swift */ = {isa = PBXFileReference; lastKnownFileType = sourcecode.swift; path = AhpuhApp.swift; sourceTree = "<group>"; };
		3B1EFCAD2ADAE97D00114650 /* SwimmingPoolDetailView.swift */ = {isa = PBXFileReference; lastKnownFileType = sourcecode.swift; path = SwimmingPoolDetailView.swift; sourceTree = "<group>"; };
		3B1EFCAF2ADAE97D00114650 /* PinnedSection.swift */ = {isa = PBXFileReference; lastKnownFileType = sourcecode.swift; path = PinnedSection.swift; sourceTree = "<group>"; };
		3B1EFCB02ADAE97D00114650 /* SwimmingPoolListView.swift */ = {isa = PBXFileReference; lastKnownFileType = sourcecode.swift; path = SwimmingPoolListView.swift; sourceTree = "<group>"; };
		3B1EFCB32ADAE97D00114650 /* SwimmingPool.swift */ = {isa = PBXFileReference; lastKnownFileType = sourcecode.swift; path = SwimmingPool.swift; sourceTree = "<group>"; };
		3B1EFCB52ADAE97D00114650 /* Array+Extensions.swift */ = {isa = PBXFileReference; lastKnownFileType = sourcecode.swift; path = "Array+Extensions.swift"; sourceTree = "<group>"; };
		3B1EFCB62ADAE97D00114650 /* EnvironmentValues+Extensions.swift */ = {isa = PBXFileReference; lastKnownFileType = sourcecode.swift; path = "EnvironmentValues+Extensions.swift"; sourceTree = "<group>"; };
		3B1EFCB72ADAE97D00114650 /* CLLocationCoordinate2D+Extensions.swift */ = {isa = PBXFileReference; lastKnownFileType = sourcecode.swift; path = "CLLocationCoordinate2D+Extensions.swift"; sourceTree = "<group>"; };
		3B1EFCB82ADAE97D00114650 /* JsonParser.swift */ = {isa = PBXFileReference; lastKnownFileType = sourcecode.swift; path = JsonParser.swift; sourceTree = "<group>"; };
		3B1EFCBA2ADAE97D00114650 /* NetworkClient.swift */ = {isa = PBXFileReference; lastKnownFileType = sourcecode.swift; path = NetworkClient.swift; sourceTree = "<group>"; };
		3B1EFCBC2ADAE97D00114650 /* SwimmingPools.json */ = {isa = PBXFileReference; lastKnownFileType = text.json; path = SwimmingPools.json; sourceTree = "<group>"; };
		3B1EFCBD2ADAE97D00114650 /* SwimmingPoolTemplate.json */ = {isa = PBXFileReference; lastKnownFileType = text.json; path = SwimmingPoolTemplate.json; sourceTree = "<group>"; };
		3B1EFCCC2ADD808200114650 /* Sido.swift */ = {isa = PBXFileReference; lastKnownFileType = sourcecode.swift; path = Sido.swift; sourceTree = "<group>"; };
		3B1EFCCE2ADD808800114650 /* Sigungu.swift */ = {isa = PBXFileReference; lastKnownFileType = sourcecode.swift; path = Sigungu.swift; sourceTree = "<group>"; };
		3B1EFCD12ADD8B6800114650 /* SidoSwimmingPoolListView.swift */ = {isa = PBXFileReference; lastKnownFileType = sourcecode.swift; path = SidoSwimmingPoolListView.swift; sourceTree = "<group>"; };
		3B1EFCD32ADDB97500114650 /* PinButtonView.swift */ = {isa = PBXFileReference; lastKnownFileType = sourcecode.swift; path = PinButtonView.swift; sourceTree = "<group>"; };
/* End PBXFileReference section */

/* Begin PBXFrameworksBuildPhase section */
		3B1EFC962ADAE89F00114650 /* Frameworks */ = {
			isa = PBXFrameworksBuildPhase;
			buildActionMask = 2147483647;
			files = (
			);
			runOnlyForDeploymentPostprocessing = 0;
		};
/* End PBXFrameworksBuildPhase section */

/* Begin PBXGroup section */
		3B1EFC902ADAE89F00114650 = {
			isa = PBXGroup;
			children = (
				3B1EFC9B2ADAE89F00114650 /* Ahpuh */,
				3B1EFC9A2ADAE89F00114650 /* Products */,
			);
			sourceTree = "<group>";
		};
		3B1EFC9A2ADAE89F00114650 /* Products */ = {
			isa = PBXGroup;
			children = (
				3B1EFC992ADAE89F00114650 /* Ahpuh.app */,
			);
			name = Products;
			sourceTree = "<group>";
		};
		3B1EFC9B2ADAE89F00114650 /* Ahpuh */ = {
			isa = PBXGroup;
			children = (
				3B1EFCB42ADAE97D00114650 /* Util */,
				3B1EFCB92ADAE97D00114650 /* Network */,
				3B1EFCB22ADAE97D00114650 /* Model */,
				3B1EFCAA2ADAE97D00114650 /* View */,
				3B1EFCBB2ADAE97D00114650 /* Mock */,
				3B1EFCA02ADAE8A100114650 /* Assets.xcassets */,
				3B1EFCA22ADAE8A100114650 /* Preview Content */,
			);
			path = Ahpuh;
			sourceTree = "<group>";
		};
		3B1EFCA22ADAE8A100114650 /* Preview Content */ = {
			isa = PBXGroup;
			children = (
				3B1EFCA32ADAE8A100114650 /* Preview Assets.xcassets */,
			);
			path = "Preview Content";
			sourceTree = "<group>";
		};
		3B1EFCAA2ADAE97D00114650 /* View */ = {
			isa = PBXGroup;
			children = (
				3B1EFCAB2ADAE97D00114650 /* AhpuhApp.swift */,
				3B1EFCAE2ADAE97D00114650 /* Main */,
				3B1EFCD02ADD8B3500114650 /* GroupBySido */,
				3B1EFCAC2ADAE97D00114650 /* Detail */,
			);
			path = View;
			sourceTree = "<group>";
		};
		3B1EFCAC2ADAE97D00114650 /* Detail */ = {
			isa = PBXGroup;
			children = (
				3B1EFCAD2ADAE97D00114650 /* SwimmingPoolDetailView.swift */,
			);
			path = Detail;
			sourceTree = "<group>";
		};
		3B1EFCAE2ADAE97D00114650 /* Main */ = {
			isa = PBXGroup;
			children = (
				3B1EFCB02ADAE97D00114650 /* SwimmingPoolListView.swift */,
				3B1EFCAF2ADAE97D00114650 /* PinnedSection.swift */,
				3B1EFCD32ADDB97500114650 /* PinButtonView.swift */,
			);
			path = Main;
			sourceTree = "<group>";
		};
		3B1EFCB22ADAE97D00114650 /* Model */ = {
			isa = PBXGroup;
			children = (
				3B1EFCCB2ADD807300114650 /* DistrictCode */,
				3B1EFCB32ADAE97D00114650 /* SwimmingPool.swift */,
			);
			path = Model;
			sourceTree = "<group>";
		};
		3B1EFCB42ADAE97D00114650 /* Util */ = {
			isa = PBXGroup;
			children = (
				3B1EFCB52ADAE97D00114650 /* Array+Extensions.swift */,
				3B1EFCB62ADAE97D00114650 /* EnvironmentValues+Extensions.swift */,
				3B1EFCB72ADAE97D00114650 /* CLLocationCoordinate2D+Extensions.swift */,
				3B1EFCB82ADAE97D00114650 /* JsonParser.swift */,
			);
			path = Util;
			sourceTree = "<group>";
		};
		3B1EFCB92ADAE97D00114650 /* Network */ = {
			isa = PBXGroup;
			children = (
				3B1EFCBA2ADAE97D00114650 /* NetworkClient.swift */,
			);
			path = Network;
			sourceTree = "<group>";
		};
		3B1EFCBB2ADAE97D00114650 /* Mock */ = {
			isa = PBXGroup;
			children = (
				3B1EFCBC2ADAE97D00114650 /* SwimmingPools.json */,
				3B1EFCBD2ADAE97D00114650 /* SwimmingPoolTemplate.json */,
			);
			path = Mock;
			sourceTree = "<group>";
		};
		3B1EFCCB2ADD807300114650 /* DistrictCode */ = {
			isa = PBXGroup;
			children = (
				3B1EFCCC2ADD808200114650 /* Sido.swift */,
				3B1EFCCE2ADD808800114650 /* Sigungu.swift */,
			);
			path = DistrictCode;
			sourceTree = "<group>";
		};
		3B1EFCD02ADD8B3500114650 /* GroupBySido */ = {
			isa = PBXGroup;
			children = (
				3B1EFCD12ADD8B6800114650 /* SidoSwimmingPoolListView.swift */,
			);
			path = GroupBySido;
			sourceTree = "<group>";
		};
/* End PBXGroup section */

/* Begin PBXNativeTarget section */
		3B1EFC982ADAE89F00114650 /* Ahpuh */ = {
			isa = PBXNativeTarget;
			buildConfigurationList = 3B1EFCA72ADAE8A100114650 /* Build configuration list for PBXNativeTarget "Ahpuh" */;
			buildPhases = (
				3B1EFC952ADAE89F00114650 /* Sources */,
				3B1EFC962ADAE89F00114650 /* Frameworks */,
				3B1EFC972ADAE89F00114650 /* Resources */,
			);
			buildRules = (
			);
			dependencies = (
			);
			name = Ahpuh;
			productName = Ahpuh;
			productReference = 3B1EFC992ADAE89F00114650 /* Ahpuh.app */;
			productType = "com.apple.product-type.application";
		};
/* End PBXNativeTarget section */

/* Begin PBXProject section */
		3B1EFC912ADAE89F00114650 /* Project object */ = {
			isa = PBXProject;
			attributes = {
				BuildIndependentTargetsInParallel = 1;
				LastSwiftUpdateCheck = 1500;
				LastUpgradeCheck = 1500;
				TargetAttributes = {
					3B1EFC982ADAE89F00114650 = {
						CreatedOnToolsVersion = 15.0;
					};
				};
			};
			buildConfigurationList = 3B1EFC942ADAE89F00114650 /* Build configuration list for PBXProject "Ahpuh" */;
			compatibilityVersion = "Xcode 14.0";
			developmentRegion = en;
			hasScannedForEncodings = 0;
			knownRegions = (
				en,
				Base,
			);
			mainGroup = 3B1EFC902ADAE89F00114650;
			productRefGroup = 3B1EFC9A2ADAE89F00114650 /* Products */;
			projectDirPath = "";
			projectRoot = "";
			targets = (
				3B1EFC982ADAE89F00114650 /* Ahpuh */,
			);
		};
/* End PBXProject section */

/* Begin PBXResourcesBuildPhase section */
		3B1EFC972ADAE89F00114650 /* Resources */ = {
			isa = PBXResourcesBuildPhase;
			buildActionMask = 2147483647;
			files = (
				3B1EFCC92ADAEB7800114650 /* SwimmingPools.json in Resources */,
				3B1EFCCA2ADAEB7800114650 /* SwimmingPoolTemplate.json in Resources */,
				3B1EFCA42ADAE8A100114650 /* Preview Assets.xcassets in Resources */,
				3B1EFCA12ADAE8A100114650 /* Assets.xcassets in Resources */,
			);
			runOnlyForDeploymentPostprocessing = 0;
		};
/* End PBXResourcesBuildPhase section */

/* Begin PBXSourcesBuildPhase section */
		3B1EFC952ADAE89F00114650 /* Sources */ = {
			isa = PBXSourcesBuildPhase;
			buildActionMask = 2147483647;
			files = (
				3B1EFCBE2ADAEB6500114650 /* Array+Extensions.swift in Sources */,
				3B1EFCD42ADDB97500114650 /* PinButtonView.swift in Sources */,
				3B1EFCBF2ADAEB6500114650 /* EnvironmentValues+Extensions.swift in Sources */,
				3B1EFCC02ADAEB6500114650 /* CLLocationCoordinate2D+Extensions.swift in Sources */,
				3B1EFCCD2ADD808200114650 /* Sido.swift in Sources */,
				3B1EFCC12ADAEB6500114650 /* JsonParser.swift in Sources */,
				3B1EFCC22ADAEB6500114650 /* NetworkClient.swift in Sources */,
				3B1EFCC32ADAEB6500114650 /* SwimmingPool.swift in Sources */,
				3B1EFCCF2ADD808800114650 /* Sigungu.swift in Sources */,
				3B1EFCD22ADD8B6800114650 /* SidoSwimmingPoolListView.swift in Sources */,
				3B1EFCC42ADAEB6500114650 /* AhpuhApp.swift in Sources */,
				3B1EFCC52ADAEB6500114650 /* SwimmingPoolDetailView.swift in Sources */,
				3B1EFCC62ADAEB6500114650 /* PinnedSection.swift in Sources */,
				3B1EFCC72ADAEB6500114650 /* SwimmingPoolListView.swift in Sources */,
			);
			runOnlyForDeploymentPostprocessing = 0;
		};
/* End PBXSourcesBuildPhase section */

/* Begin XCBuildConfiguration section */
		3B1EFCA52ADAE8A100114650 /* Debug */ = {
			isa = XCBuildConfiguration;
			buildSettings = {
				ALWAYS_SEARCH_USER_PATHS = NO;
				ASSETCATALOG_COMPILER_GENERATE_SWIFT_ASSET_SYMBOL_EXTENSIONS = YES;
				CLANG_ANALYZER_NONNULL = YES;
				CLANG_ANALYZER_NUMBER_OBJECT_CONVERSION = YES_AGGRESSIVE;
				CLANG_CXX_LANGUAGE_STANDARD = "gnu++20";
				CLANG_ENABLE_MODULES = YES;
				CLANG_ENABLE_OBJC_ARC = YES;
				CLANG_ENABLE_OBJC_WEAK = YES;
				CLANG_WARN_BLOCK_CAPTURE_AUTORELEASING = YES;
				CLANG_WARN_BOOL_CONVERSION = YES;
				CLANG_WARN_COMMA = YES;
				CLANG_WARN_CONSTANT_CONVERSION = YES;
				CLANG_WARN_DEPRECATED_OBJC_IMPLEMENTATIONS = YES;
				CLANG_WARN_DIRECT_OBJC_ISA_USAGE = YES_ERROR;
				CLANG_WARN_DOCUMENTATION_COMMENTS = YES;
				CLANG_WARN_EMPTY_BODY = YES;
				CLANG_WARN_ENUM_CONVERSION = YES;
				CLANG_WARN_INFINITE_RECURSION = YES;
				CLANG_WARN_INT_CONVERSION = YES;
				CLANG_WARN_NON_LITERAL_NULL_CONVERSION = YES;
				CLANG_WARN_OBJC_IMPLICIT_RETAIN_SELF = YES;
				CLANG_WARN_OBJC_LITERAL_CONVERSION = YES;
				CLANG_WARN_OBJC_ROOT_CLASS = YES_ERROR;
				CLANG_WARN_QUOTED_INCLUDE_IN_FRAMEWORK_HEADER = YES;
				CLANG_WARN_RANGE_LOOP_ANALYSIS = YES;
				CLANG_WARN_STRICT_PROTOTYPES = YES;
				CLANG_WARN_SUSPICIOUS_MOVE = YES;
				CLANG_WARN_UNGUARDED_AVAILABILITY = YES_AGGRESSIVE;
				CLANG_WARN_UNREACHABLE_CODE = YES;
				CLANG_WARN__DUPLICATE_METHOD_MATCH = YES;
				COPY_PHASE_STRIP = NO;
				DEBUG_INFORMATION_FORMAT = dwarf;
				ENABLE_STRICT_OBJC_MSGSEND = YES;
				ENABLE_TESTABILITY = YES;
				ENABLE_USER_SCRIPT_SANDBOXING = YES;
				GCC_C_LANGUAGE_STANDARD = gnu17;
				GCC_DYNAMIC_NO_PIC = NO;
				GCC_NO_COMMON_BLOCKS = YES;
				GCC_OPTIMIZATION_LEVEL = 0;
				GCC_PREPROCESSOR_DEFINITIONS = (
					"DEBUG=1",
					"$(inherited)",
				);
				GCC_WARN_64_TO_32_BIT_CONVERSION = YES;
				GCC_WARN_ABOUT_RETURN_TYPE = YES_ERROR;
				GCC_WARN_UNDECLARED_SELECTOR = YES;
				GCC_WARN_UNINITIALIZED_AUTOS = YES_AGGRESSIVE;
				GCC_WARN_UNUSED_FUNCTION = YES;
				GCC_WARN_UNUSED_VARIABLE = YES;
				IPHONEOS_DEPLOYMENT_TARGET = 16.4;
				LOCALIZATION_PREFERS_STRING_CATALOGS = YES;
				MTL_ENABLE_DEBUG_INFO = INCLUDE_SOURCE;
				MTL_FAST_MATH = YES;
				ONLY_ACTIVE_ARCH = YES;
				SDKROOT = iphoneos;
				SWIFT_ACTIVE_COMPILATION_CONDITIONS = "DEBUG $(inherited)";
				SWIFT_OPTIMIZATION_LEVEL = "-Onone";
			};
			name = Debug;
		};
		3B1EFCA62ADAE8A100114650 /* Release */ = {
			isa = XCBuildConfiguration;
			buildSettings = {
				ALWAYS_SEARCH_USER_PATHS = NO;
				ASSETCATALOG_COMPILER_GENERATE_SWIFT_ASSET_SYMBOL_EXTENSIONS = YES;
				CLANG_ANALYZER_NONNULL = YES;
				CLANG_ANALYZER_NUMBER_OBJECT_CONVERSION = YES_AGGRESSIVE;
				CLANG_CXX_LANGUAGE_STANDARD = "gnu++20";
				CLANG_ENABLE_MODULES = YES;
				CLANG_ENABLE_OBJC_ARC = YES;
				CLANG_ENABLE_OBJC_WEAK = YES;
				CLANG_WARN_BLOCK_CAPTURE_AUTORELEASING = YES;
				CLANG_WARN_BOOL_CONVERSION = YES;
				CLANG_WARN_COMMA = YES;
				CLANG_WARN_CONSTANT_CONVERSION = YES;
				CLANG_WARN_DEPRECATED_OBJC_IMPLEMENTATIONS = YES;
				CLANG_WARN_DIRECT_OBJC_ISA_USAGE = YES_ERROR;
				CLANG_WARN_DOCUMENTATION_COMMENTS = YES;
				CLANG_WARN_EMPTY_BODY = YES;
				CLANG_WARN_ENUM_CONVERSION = YES;
				CLANG_WARN_INFINITE_RECURSION = YES;
				CLANG_WARN_INT_CONVERSION = YES;
				CLANG_WARN_NON_LITERAL_NULL_CONVERSION = YES;
				CLANG_WARN_OBJC_IMPLICIT_RETAIN_SELF = YES;
				CLANG_WARN_OBJC_LITERAL_CONVERSION = YES;
				CLANG_WARN_OBJC_ROOT_CLASS = YES_ERROR;
				CLANG_WARN_QUOTED_INCLUDE_IN_FRAMEWORK_HEADER = YES;
				CLANG_WARN_RANGE_LOOP_ANALYSIS = YES;
				CLANG_WARN_STRICT_PROTOTYPES = YES;
				CLANG_WARN_SUSPICIOUS_MOVE = YES;
				CLANG_WARN_UNGUARDED_AVAILABILITY = YES_AGGRESSIVE;
				CLANG_WARN_UNREACHABLE_CODE = YES;
				CLANG_WARN__DUPLICATE_METHOD_MATCH = YES;
				COPY_PHASE_STRIP = NO;
				DEBUG_INFORMATION_FORMAT = "dwarf-with-dsym";
				ENABLE_NS_ASSERTIONS = NO;
				ENABLE_STRICT_OBJC_MSGSEND = YES;
				ENABLE_USER_SCRIPT_SANDBOXING = YES;
				GCC_C_LANGUAGE_STANDARD = gnu17;
				GCC_NO_COMMON_BLOCKS = YES;
				GCC_WARN_64_TO_32_BIT_CONVERSION = YES;
				GCC_WARN_ABOUT_RETURN_TYPE = YES_ERROR;
				GCC_WARN_UNDECLARED_SELECTOR = YES;
				GCC_WARN_UNINITIALIZED_AUTOS = YES_AGGRESSIVE;
				GCC_WARN_UNUSED_FUNCTION = YES;
				GCC_WARN_UNUSED_VARIABLE = YES;
				IPHONEOS_DEPLOYMENT_TARGET = 16.4;
				LOCALIZATION_PREFERS_STRING_CATALOGS = YES;
				MTL_ENABLE_DEBUG_INFO = NO;
				MTL_FAST_MATH = YES;
				SDKROOT = iphoneos;
				SWIFT_COMPILATION_MODE = wholemodule;
				VALIDATE_PRODUCT = YES;
			};
			name = Release;
		};
		3B1EFCA82ADAE8A100114650 /* Debug */ = {
			isa = XCBuildConfiguration;
			buildSettings = {
				ASSETCATALOG_COMPILER_APPICON_NAME = AppIcon;
				ASSETCATALOG_COMPILER_GLOBAL_ACCENT_COLOR_NAME = AccentColor;
				CODE_SIGN_STYLE = Automatic;
				CURRENT_PROJECT_VERSION = 1;
				DEVELOPMENT_ASSET_PATHS = "\"Ahpuh/Preview Content\"";
				DEVELOPMENT_TEAM = Y4XABUQ539;
				ENABLE_PREVIEWS = YES;
				GENERATE_INFOPLIST_FILE = YES;
				INFOPLIST_KEY_CFBundleDisplayName = "어푸";
				INFOPLIST_KEY_UIApplicationSceneManifest_Generation = YES;
				INFOPLIST_KEY_UIApplicationSupportsIndirectInputEvents = YES;
				INFOPLIST_KEY_UILaunchScreen_Generation = YES;
				INFOPLIST_KEY_UISupportedInterfaceOrientations_iPad = "UIInterfaceOrientationPortrait UIInterfaceOrientationPortraitUpsideDown UIInterfaceOrientationLandscapeLeft UIInterfaceOrientationLandscapeRight";
				INFOPLIST_KEY_UISupportedInterfaceOrientations_iPhone = "UIInterfaceOrientationPortrait UIInterfaceOrientationLandscapeLeft UIInterfaceOrientationLandscapeRight";
				LD_RUNPATH_SEARCH_PATHS = (
					"$(inherited)",
					"@executable_path/Frameworks",
				);
				MARKETING_VERSION = 1.0;
				PRODUCT_BUNDLE_IDENTIFIER = com.sujinnaljin.Ahpuh;
				PRODUCT_NAME = "$(TARGET_NAME)";
				SWIFT_EMIT_LOC_STRINGS = YES;
				SWIFT_VERSION = 5.0;
				TARGETED_DEVICE_FAMILY = "1,2";
			};
			name = Debug;
		};
		3B1EFCA92ADAE8A100114650 /* Release */ = {
			isa = XCBuildConfiguration;
			buildSettings = {
				ASSETCATALOG_COMPILER_APPICON_NAME = AppIcon;
				ASSETCATALOG_COMPILER_GLOBAL_ACCENT_COLOR_NAME = AccentColor;
				CODE_SIGN_STYLE = Automatic;
				CURRENT_PROJECT_VERSION = 1;
				DEVELOPMENT_ASSET_PATHS = "\"Ahpuh/Preview Content\"";
				DEVELOPMENT_TEAM = Y4XABUQ539;
				ENABLE_PREVIEWS = YES;
				GENERATE_INFOPLIST_FILE = YES;
				INFOPLIST_KEY_CFBundleDisplayName = "어푸";
				INFOPLIST_KEY_UIApplicationSceneManifest_Generation = YES;
				INFOPLIST_KEY_UIApplicationSupportsIndirectInputEvents = YES;
				INFOPLIST_KEY_UILaunchScreen_Generation = YES;
				INFOPLIST_KEY_UISupportedInterfaceOrientations_iPad = "UIInterfaceOrientationPortrait UIInterfaceOrientationPortraitUpsideDown UIInterfaceOrientationLandscapeLeft UIInterfaceOrientationLandscapeRight";
				INFOPLIST_KEY_UISupportedInterfaceOrientations_iPhone = "UIInterfaceOrientationPortrait UIInterfaceOrientationLandscapeLeft UIInterfaceOrientationLandscapeRight";
				LD_RUNPATH_SEARCH_PATHS = (
					"$(inherited)",
					"@executable_path/Frameworks",
				);
				MARKETING_VERSION = 1.0;
				PRODUCT_BUNDLE_IDENTIFIER = com.sujinnaljin.Ahpuh;
				PRODUCT_NAME = "$(TARGET_NAME)";
				SWIFT_EMIT_LOC_STRINGS = YES;
				SWIFT_VERSION = 5.0;
				TARGETED_DEVICE_FAMILY = "1,2";
			};
			name = Release;
		};
/* End XCBuildConfiguration section */

/* Begin XCConfigurationList section */
		3B1EFC942ADAE89F00114650 /* Build configuration list for PBXProject "Ahpuh" */ = {
			isa = XCConfigurationList;
			buildConfigurations = (
				3B1EFCA52ADAE8A100114650 /* Debug */,
				3B1EFCA62ADAE8A100114650 /* Release */,
			);
			defaultConfigurationIsVisible = 0;
			defaultConfigurationName = Release;
		};
		3B1EFCA72ADAE8A100114650 /* Build configuration list for PBXNativeTarget "Ahpuh" */ = {
			isa = XCConfigurationList;
			buildConfigurations = (
				3B1EFCA82ADAE8A100114650 /* Debug */,
				3B1EFCA92ADAE8A100114650 /* Release */,
			);
			defaultConfigurationIsVisible = 0;
			defaultConfigurationName = Release;
		};
/* End XCConfigurationList section */
	};
	rootObject = 3B1EFC912ADAE89F00114650 /* Project object */;
}
